// !$*UTF8*$!
{
	archiveVersion = 1;
	classes = {
	};
	objectVersion = 77;
	objects = {

/* Begin PBXContainerItemProxy section */
		A061D30A2EE1557F00124F80 /* PBXContainerItemProxy */ = {
			isa = PBXContainerItemProxy;
			containerPortal = A061D2F22EE1557B00124F80 /* Project object */;
			proxyType = 1;
			remoteGlobalIDString = A061D2F92EE1557B00124F80;
			remoteInfo = TimeTasker;
		};
		A061D3142EE1557F00124F80 /* PBXContainerItemProxy */ = {
			isa = PBXContainerItemProxy;
			containerPortal = A061D2F22EE1557B00124F80 /* Project object */;
			proxyType = 1;
			remoteGlobalIDString = A061D2F92EE1557B00124F80;
			remoteInfo = TimeTasker;
		};
/* End PBXContainerItemProxy section */

/* Begin PBXFileReference section */
		A061D2FA2EE1557B00124F80 /* TimeTasker.app */ = {isa = PBXFileReference; explicitFileType = wrapper.application; includeInIndex = 0; path = TimeTasker.app; sourceTree = BUILT_PRODUCTS_DIR; };
		A061D3092EE1557F00124F80 /* TimeTaskerTests.xctest */ = {isa = PBXFileReference; explicitFileType = wrapper.cfbundle; includeInIndex = 0; path = TimeTaskerTests.xctest; sourceTree = BUILT_PRODUCTS_DIR; };
		A061D3132EE1557F00124F80 /* TimeTaskerUITests.xctest */ = {isa = PBXFileReference; explicitFileType = wrapper.cfbundle; includeInIndex = 0; path = TimeTaskerUITests.xctest; sourceTree = BUILT_PRODUCTS_DIR; };
/* End PBXFileReference section */

/* Begin PBXFileSystemSynchronizedRootGroup section */
		A061D2FC2EE1557B00124F80 /* TimeTasker */ = {
			isa = PBXFileSystemSynchronizedRootGroup;
			path = TimeTasker;
			sourceTree = "<group>";
		};
		A061D30C2EE1557F00124F80 /* TimeTaskerTests */ = {
			isa = PBXFileSystemSynchronizedRootGroup;
			path = TimeTaskerTests;
			sourceTree = "<group>";
		};
		A061D3162EE1557F00124F80 /* TimeTaskerUITests */ = {
			isa = PBXFileSystemSynchronizedRootGroup;
			path = TimeTaskerUITests;
			sourceTree = "<group>";
		};
/* End PBXFileSystemSynchronizedRootGroup section */

/* Begin PBXFrameworksBuildPhase section */
		A061D2F72EE1557B00124F80 /* Frameworks */ = {
			isa = PBXFrameworksBuildPhase;
			buildActionMask = 2147483647;
			files = (
			);
			runOnlyForDeploymentPostprocessing = 0;
		};
		A061D3062EE1557F00124F80 /* Frameworks */ = {
			isa = PBXFrameworksBuildPhase;
			buildActionMask = 2147483647;
			files = (
			);
			runOnlyForDeploymentPostprocessing = 0;
		};
		A061D3102EE1557F00124F80 /* Frameworks */ = {
			isa = PBXFrameworksBuildPhase;
			buildActionMask = 2147483647;
			files = (
			);
			runOnlyForDeploymentPostprocessing = 0;
		};
/* End PBXFrameworksBuildPhase section */

/* Begin PBXGroup section */
		A061D2F12EE1557B00124F80 = {
			isa = PBXGroup;
			children = (
				A061D2FC2EE1557B00124F80 /* TimeTasker */,
				A061D30C2EE1557F00124F80 /* TimeTaskerTests */,
				A061D3162EE1557F00124F80 /* TimeTaskerUITests */,
				A061D2FB2EE1557B00124F80 /* Products */,
			);
			sourceTree = "<group>";
		};
		A061D2FB2EE1557B00124F80 /* Products */ = {
			isa = PBXGroup;
			children = (
				A061D2FA2EE1557B00124F80 /* TimeTasker.app */,
				A061D3092EE1557F00124F80 /* TimeTaskerTests.xctest */,
				A061D3132EE1557F00124F80 /* TimeTaskerUITests.xctest */,
			);
			name = Products;
			sourceTree = "<group>";
		};
/* End PBXGroup section */

/* Begin PBXNativeTarget section */
		A061D2F92EE1557B00124F80 /* TimeTasker */ = {
			isa = PBXNativeTarget;
			buildConfigurationList = A061D31D2EE1557F00124F80 /* Build configuration list for PBXNativeTarget "TimeTasker" */;
			buildPhases = (
				A061D2F62EE1557B00124F80 /* Sources */,
				A061D2F72EE1557B00124F80 /* Frameworks */,
				A061D2F82EE1557B00124F80 /* Resources */,
			);
			buildRules = (
			);
			dependencies = (
			);
			fileSystemSynchronizedGroups = (
				A061D2FC2EE1557B00124F80 /* TimeTasker */,
			);
			name = TimeTasker;
			packageProductDependencies = (
			);
			productName = TimeTasker;
			productReference = A061D2FA2EE1557B00124F80 /* TimeTasker.app */;
			productType = "com.apple.product-type.application";
		};
		A061D3082EE1557F00124F80 /* TimeTaskerTests */ = {
			isa = PBXNativeTarget;
			buildConfigurationList = A061D3202EE1557F00124F80 /* Build configuration list for PBXNativeTarget "TimeTaskerTests" */;
			buildPhases = (
				A061D3052EE1557F00124F80 /* Sources */,
				A061D3062EE1557F00124F80 /* Frameworks */,
				A061D3072EE1557F00124F80 /* Resources */,
			);
			buildRules = (
			);
			dependencies = (
				A061D30B2EE1557F00124F80 /* PBXTargetDependency */,
			);
			fileSystemSynchronizedGroups = (
				A061D30C2EE1557F00124F80 /* TimeTaskerTests */,
			);
			name = TimeTaskerTests;
			packageProductDependencies = (
			);
			productName = TimeTaskerTests;
			productReference = A061D3092EE1557F00124F80 /* TimeTaskerTests.xctest */;
			productType = "com.apple.product-type.bundle.unit-test";
		};
		A061D3122EE1557F00124F80 /* TimeTaskerUITests */ = {
			isa = PBXNativeTarget;
			buildConfigurationList = A061D3232EE1557F00124F80 /* Build configuration list for PBXNativeTarget "TimeTaskerUITests" */;
			buildPhases = (
				A061D30F2EE1557F00124F80 /* Sources */,
				A061D3102EE1557F00124F80 /* Frameworks */,
				A061D3112EE1557F00124F80 /* Resources */,
			);
			buildRules = (
			);
			dependencies = (
				A061D3152EE1557F00124F80 /* PBXTargetDependency */,
			);
			fileSystemSynchronizedGroups = (
				A061D3162EE1557F00124F80 /* TimeTaskerUITests */,
			);
			name = TimeTaskerUITests;
			packageProductDependencies = (
			);
			productName = TimeTaskerUITests;
			productReference = A061D3132EE1557F00124F80 /* TimeTaskerUITests.xctest */;
			productType = "com.apple.product-type.bundle.ui-testing";
		};
/* End PBXNativeTarget section */

/* Begin PBXProject section */
		A061D2F22EE1557B00124F80 /* Project object */ = {
			isa = PBXProject;
			attributes = {
				BuildIndependentTargetsInParallel = 1;
				LastSwiftUpdateCheck = 2610;
				LastUpgradeCheck = 2610;
				TargetAttributes = {
					A061D2F92EE1557B00124F80 = {
						CreatedOnToolsVersion = 26.1.1;
					};
					A061D3082EE1557F00124F80 = {
						CreatedOnToolsVersion = 26.1.1;
						TestTargetID = A061D2F92EE1557B00124F80;
					};
					A061D3122EE1557F00124F80 = {
						CreatedOnToolsVersion = 26.1.1;
						TestTargetID = A061D2F92EE1557B00124F80;
					};
				};
			};
			buildConfigurationList = A061D2F52EE1557B00124F80 /* Build configuration list for PBXProject "TimeTasker" */;
			developmentRegion = en;
			hasScannedForEncodings = 0;
			knownRegions = (
				en,
				Base,
			);
			mainGroup = A061D2F12EE1557B00124F80;
			minimizedProjectReferenceProxies = 1;
			preferredProjectObjectVersion = 77;
			productRefGroup = A061D2FB2EE1557B00124F80 /* Products */;
			projectDirPath = "";
			projectRoot = "";
			targets = (
				A061D2F92EE1557B00124F80 /* TimeTasker */,
				A061D3082EE1557F00124F80 /* TimeTaskerTests */,
				A061D3122EE1557F00124F80 /* TimeTaskerUITests */,
			);
		};
/* End PBXProject section */

/* Begin PBXResourcesBuildPhase section */
		A061D2F82EE1557B00124F80 /* Resources */ = {
			isa = PBXResourcesBuildPhase;
			buildActionMask = 2147483647;
			files = (
			);
			runOnlyForDeploymentPostprocessing = 0;
		};
		A061D3072EE1557F00124F80 /* Resources */ = {
			isa = PBXResourcesBuildPhase;
			buildActionMask = 2147483647;
			files = (
			);
			runOnlyForDeploymentPostprocessing = 0;
		};
		A061D3112EE1557F00124F80 /* Resources */ = {
			isa = PBXResourcesBuildPhase;
			buildActionMask = 2147483647;
			files = (
			);
			runOnlyForDeploymentPostprocessing = 0;
		};
/* End PBXResourcesBuildPhase section */

/* Begin PBXSourcesBuildPhase section */
		A061D2F62EE1557B00124F80 /* Sources */ = {
			isa = PBXSourcesBuildPhase;
			buildActionMask = 2147483647;
			files = (
			);
			runOnlyForDeploymentPostprocessing = 0;
		};
		A061D3052EE1557F00124F80 /* Sources */ = {
			isa = PBXSourcesBuildPhase;
			buildActionMask = 2147483647;
			files = (
			);
			runOnlyForDeploymentPostprocessing = 0;
		};
		A061D30F2EE1557F00124F80 /* Sources */ = {
			isa = PBXSourcesBuildPhase;
			buildActionMask = 2147483647;
			files = (
			);
			runOnlyForDeploymentPostprocessing = 0;
		};
/* End PBXSourcesBuildPhase section */

/* Begin PBXTargetDependency section */
		A061D30B2EE1557F00124F80 /* PBXTargetDependency */ = {
			isa = PBXTargetDependency;
			target = A061D2F92EE1557B00124F80 /* TimeTasker */;
			targetProxy = A061D30A2EE1557F00124F80 /* PBXContainerItemProxy */;
		};
		A061D3152EE1557F00124F80 /* PBXTargetDependency */ = {
			isa = PBXTargetDependency;
			target = A061D2F92EE1557B00124F80 /* TimeTasker */;
			targetProxy = A061D3142EE1557F00124F80 /* PBXContainerItemProxy */;
		};
/* End PBXTargetDependency section */

/* Begin XCBuildConfiguration section */
		A061D31B2EE1557F00124F80 /* Debug */ = {
			isa = XCBuildConfiguration;
			buildSettings = {
				ALWAYS_SEARCH_USER_PATHS = NO;
				ARCHS = arm64;
				ASSETCATALOG_COMPILER_GENERATE_SWIFT_ASSET_SYMBOL_EXTENSIONS = YES;
				CLANG_ANALYZER_NONNULL = YES;
				CLANG_ANALYZER_NUMBER_OBJECT_CONVERSION = YES_AGGRESSIVE;
				CLANG_CXX_LANGUAGE_STANDARD = "gnu++20";
				CLANG_ENABLE_MODULES = YES;
				CLANG_ENABLE_OBJC_ARC = YES;
				CLANG_ENABLE_OBJC_WEAK = YES;
				CLANG_WARN_BLOCK_CAPTURE_AUTORELEASING = YES;
				CLANG_WARN_BOOL_CONVERSION = YES;
				CLANG_WARN_COMMA = YES;
				CLANG_WARN_CONSTANT_CONVERSION = YES;
				CLANG_WARN_DEPRECATED_OBJC_IMPLEMENTATIONS = YES;
				CLANG_WARN_DIRECT_OBJC_ISA_USAGE = YES_ERROR;
				CLANG_WARN_DOCUMENTATION_COMMENTS = YES;
				CLANG_WARN_EMPTY_BODY = YES;
				CLANG_WARN_ENUM_CONVERSION = YES;
				CLANG_WARN_INFINITE_RECURSION = YES;
				CLANG_WARN_INT_CONVERSION = YES;
				CLANG_WARN_NON_LITERAL_NULL_CONVERSION = YES;
				CLANG_WARN_OBJC_IMPLICIT_RETAIN_SELF = YES;
				CLANG_WARN_OBJC_LITERAL_CONVERSION = YES;
				CLANG_WARN_OBJC_ROOT_CLASS = YES_ERROR;
				CLANG_WARN_QUOTED_INCLUDE_IN_FRAMEWORK_HEADER = YES;
				CLANG_WARN_RANGE_LOOP_ANALYSIS = YES;
				CLANG_WARN_STRICT_PROTOTYPES = YES;
				CLANG_WARN_SUSPICIOUS_MOVE = YES;
				CLANG_WARN_UNGUARDED_AVAILABILITY = YES_AGGRESSIVE;
				CLANG_WARN_UNREACHABLE_CODE = YES;
				CLANG_WARN__DUPLICATE_METHOD_MATCH = YES;
				COPY_PHASE_STRIP = NO;
				DEBUG_INFORMATION_FORMAT = dwarf;
				DEVELOPMENT_TEAM = 8Y69S8U782;
				ENABLE_STRICT_OBJC_MSGSEND = YES;
				ENABLE_TESTABILITY = YES;
				ENABLE_USER_SCRIPT_SANDBOXING = YES;
				GCC_C_LANGUAGE_STANDARD = gnu17;
				GCC_DYNAMIC_NO_PIC = NO;
				GCC_NO_COMMON_BLOCKS = YES;
				GCC_OPTIMIZATION_LEVEL = 0;
				GCC_PREPROCESSOR_DEFINITIONS = (
					"DEBUG=1",
					"$(inherited)",
				);
				GCC_WARN_64_TO_32_BIT_CONVERSION = YES;
				GCC_WARN_ABOUT_RETURN_TYPE = YES_ERROR;
				GCC_WARN_UNDECLARED_SELECTOR = YES;
				GCC_WARN_UNINITIALIZED_AUTOS = YES_AGGRESSIVE;
				GCC_WARN_UNUSED_FUNCTION = YES;
				GCC_WARN_UNUSED_VARIABLE = YES;
				LOCALIZATION_PREFERS_STRING_CATALOGS = YES;
				MACOSX_DEPLOYMENT_TARGET = 26.0;
				MTL_ENABLE_DEBUG_INFO = INCLUDE_SOURCE;
				MTL_FAST_MATH = YES;
				ONLY_ACTIVE_ARCH = YES;
				SDKROOT = macosx;
				SWIFT_ACTIVE_COMPILATION_CONDITIONS = "DEBUG $(inherited)";
				SWIFT_OPTIMIZATION_LEVEL = "-Onone";
				SWIFT_STRICT_CONCURRENCY = targeted;
			};
			name = Debug;
		};
		A061D31C2EE1557F00124F80 /* Release */ = {
			isa = XCBuildConfiguration;
			buildSettings = {
				ALWAYS_SEARCH_USER_PATHS = NO;
				ARCHS = arm64;
				ASSETCATALOG_COMPILER_GENERATE_SWIFT_ASSET_SYMBOL_EXTENSIONS = YES;
				CLANG_ANALYZER_NONNULL = YES;
				CLANG_ANALYZER_NUMBER_OBJECT_CONVERSION = YES_AGGRESSIVE;
				CLANG_CXX_LANGUAGE_STANDARD = "gnu++20";
				CLANG_ENABLE_MODULES = YES;
				CLANG_ENABLE_OBJC_ARC = YES;
				CLANG_ENABLE_OBJC_WEAK = YES;
				CLANG_WARN_BLOCK_CAPTURE_AUTORELEASING = YES;
				CLANG_WARN_BOOL_CONVERSION = YES;
				CLANG_WARN_COMMA = YES;
				CLANG_WARN_CONSTANT_CONVERSION = YES;
				CLANG_WARN_DEPRECATED_OBJC_IMPLEMENTATIONS = YES;
				CLANG_WARN_DIRECT_OBJC_ISA_USAGE = YES_ERROR;
				CLANG_WARN_DOCUMENTATION_COMMENTS = YES;
				CLANG_WARN_EMPTY_BODY = YES;
				CLANG_WARN_ENUM_CONVERSION = YES;
				CLANG_WARN_INFINITE_RECURSION = YES;
				CLANG_WARN_INT_CONVERSION = YES;
				CLANG_WARN_NON_LITERAL_NULL_CONVERSION = YES;
				CLANG_WARN_OBJC_IMPLICIT_RETAIN_SELF = YES;
				CLANG_WARN_OBJC_LITERAL_CONVERSION = YES;
				CLANG_WARN_OBJC_ROOT_CLASS = YES_ERROR;
				CLANG_WARN_QUOTED_INCLUDE_IN_FRAMEWORK_HEADER = YES;
				CLANG_WARN_RANGE_LOOP_ANALYSIS = YES;
				CLANG_WARN_STRICT_PROTOTYPES = YES;
				CLANG_WARN_SUSPICIOUS_MOVE = YES;
				CLANG_WARN_UNGUARDED_AVAILABILITY = YES_AGGRESSIVE;
				CLANG_WARN_UNREACHABLE_CODE = YES;
				CLANG_WARN__DUPLICATE_METHOD_MATCH = YES;
				COPY_PHASE_STRIP = NO;
				DEBUG_INFORMATION_FORMAT = "dwarf-with-dsym";
				DEVELOPMENT_TEAM = 8Y69S8U782;
				ENABLE_NS_ASSERTIONS = NO;
				ENABLE_STRICT_OBJC_MSGSEND = YES;
				ENABLE_USER_SCRIPT_SANDBOXING = YES;
				GCC_C_LANGUAGE_STANDARD = gnu17;
				GCC_NO_COMMON_BLOCKS = YES;
				GCC_WARN_64_TO_32_BIT_CONVERSION = YES;
				GCC_WARN_ABOUT_RETURN_TYPE = YES_ERROR;
				GCC_WARN_UNDECLARED_SELECTOR = YES;
				GCC_WARN_UNINITIALIZED_AUTOS = YES_AGGRESSIVE;
				GCC_WARN_UNUSED_FUNCTION = YES;
				GCC_WARN_UNUSED_VARIABLE = YES;
				LOCALIZATION_PREFERS_STRING_CATALOGS = YES;
				MACOSX_DEPLOYMENT_TARGET = 26.0;
				MTL_ENABLE_DEBUG_INFO = NO;
				MTL_FAST_MATH = YES;
				ONLY_ACTIVE_ARCH = YES;
				SDKROOT = macosx;
				SWIFT_STRICT_CONCURRENCY = targeted;
				SWIFT_COMPILATION_MODE = wholemodule;
			};
			name = Release;
		};
		A061D31E2EE1557F00124F80 /* Debug */ = {
			isa = XCBuildConfiguration;
			buildSettings = {
				ARCHS = arm64;
				ASSETCATALOG_COMPILER_APPICON_NAME = AppIcon;
				ASSETCATALOG_COMPILER_GLOBAL_ACCENT_COLOR_NAME = AccentColor;
				ASSETCATALOG_COMPILER_INCLUDE_ALL_APPICON_ASSETS = YES;
				"CODE_SIGN_IDENTITY[sdk=macosx*]" = "-";
				CODE_SIGN_STYLE = Automatic;
				COMBINE_HIDPI_IMAGES = YES;
				CURRENT_PROJECT_VERSION = 379;
				DEVELOPMENT_TEAM = "";
				ENABLE_APP_SANDBOX = YES;
				ENABLE_HARDENED_RUNTIME = YES;
				ENABLE_PREVIEWS = YES;
				ENABLE_USER_SELECTED_FILES = readonly;
				"EXCLUDED_ARCHS[sdk=macosx*]" = x86_64;
				GENERATE_INFOPLIST_FILE = YES;
				INFOPLIST_KEY_CFBundleDisplayName = "Time Tasker";
				INFOPLIST_KEY_LSApplicationCategoryType = "public.app-category.productivity";
				INFOPLIST_KEY_NSHumanReadableCopyright = "";
				INFOPLIST_KEY_UIDesignRequiresCompatibility = NO;
				LD_RUNPATH_SEARCH_PATHS = (
					"$(inherited)",
					"@executable_path/../Frameworks",
				);
				MACOSX_DEPLOYMENT_TARGET = 26.0;
				MARKETING_VERSION = 4.1;
				PRODUCT_BUNDLE_IDENTIFIER = com.raghavagarwal.TimeTasker;
				PRODUCT_NAME = "$(TARGET_NAME)";
				REGISTER_APP_GROUPS = YES;
				STRING_CATALOG_GENERATE_SYMBOLS = YES;
				SWIFT_APPROACHABLE_CONCURRENCY = YES;
				SWIFT_DEFAULT_ACTOR_ISOLATION = MainActor;
				SWIFT_EMIT_LOC_STRINGS = YES;
				SWIFT_STRICT_CONCURRENCY = targeted;
				SWIFT_UPCOMING_FEATURE_MEMBER_IMPORT_VISIBILITY = YES;
				SWIFT_VERSION = 5.0;
			};
			name = Debug;
		};
		A061D31F2EE1557F00124F80 /* Release */ = {
			isa = XCBuildConfiguration;
			buildSettings = {
				ARCHS = arm64;
				ASSETCATALOG_COMPILER_APPICON_NAME = AppIcon;
				ASSETCATALOG_COMPILER_GLOBAL_ACCENT_COLOR_NAME = AccentColor;
				ASSETCATALOG_COMPILER_INCLUDE_ALL_APPICON_ASSETS = YES;
				"CODE_SIGN_IDENTITY[sdk=macosx*]" = "-";
				CODE_SIGN_STYLE = Automatic;
				COMBINE_HIDPI_IMAGES = YES;
				CURRENT_PROJECT_VERSION = 379;
				DEVELOPMENT_TEAM = "";
				ENABLE_APP_SANDBOX = YES;
				ENABLE_HARDENED_RUNTIME = YES;
				ENABLE_PREVIEWS = YES;
				ENABLE_USER_SELECTED_FILES = readonly;
				"EXCLUDED_ARCHS[sdk=macosx*]" = x86_64;
				GENERATE_INFOPLIST_FILE = YES;
				INFOPLIST_KEY_CFBundleDisplayName = "Time Tasker";
				INFOPLIST_KEY_LSApplicationCategoryType = "public.app-category.productivity";
				INFOPLIST_KEY_NSHumanReadableCopyright = "";
				INFOPLIST_KEY_UIDesignRequiresCompatibility = NO;
				LD_RUNPATH_SEARCH_PATHS = (
					"$(inherited)",
					"@executable_path/../Frameworks",
				);
				MACOSX_DEPLOYMENT_TARGET = 26.0;
				MARKETING_VERSION = 4.1;
				PRODUCT_BUNDLE_IDENTIFIER = com.raghavagarwal.TimeTasker;
				PRODUCT_NAME = "$(TARGET_NAME)";
				REGISTER_APP_GROUPS = YES;
				STRING_CATALOG_GENERATE_SYMBOLS = YES;
				SWIFT_APPROACHABLE_CONCURRENCY = YES;
				SWIFT_DEFAULT_ACTOR_ISOLATION = MainActor;
				SWIFT_EMIT_LOC_STRINGS = YES;
				SWIFT_STRICT_CONCURRENCY = targeted;
				SWIFT_UPCOMING_FEATURE_MEMBER_IMPORT_VISIBILITY = YES;
				SWIFT_VERSION = 5.0;
			};
			name = Release;
		};
		A061D3212EE1557F00124F80 /* Debug */ = {
			isa = XCBuildConfiguration;
			buildSettings = {
				ARCHS = arm64;
				BUNDLE_LOADER = "$(TEST_HOST)";
				CODE_SIGN_STYLE = Automatic;
				CURRENT_PROJECT_VERSION = 1;
				DEVELOPMENT_TEAM = 8Y69S8U782;
				"EXCLUDED_ARCHS[sdk=macosx*]" = x86_64;
				GENERATE_INFOPLIST_FILE = YES;
				MACOSX_DEPLOYMENT_TARGET = 26.0;
				MARKETING_VERSION = 1.0;
				PRODUCT_BUNDLE_IDENTIFIER = com.raghavagarwal.TimeTaskerTests;
				PRODUCT_NAME = "$(TARGET_NAME)";
				STRING_CATALOG_GENERATE_SYMBOLS = NO;
				SWIFT_APPROACHABLE_CONCURRENCY = YES;
				SWIFT_EMIT_LOC_STRINGS = NO;
				SWIFT_STRICT_CONCURRENCY = targeted;
				SWIFT_UPCOMING_FEATURE_MEMBER_IMPORT_VISIBILITY = YES;
				SWIFT_VERSION = 5.0;
				TEST_HOST = "$(BUILT_PRODUCTS_DIR)/TimeTasker.app/$(BUNDLE_EXECUTABLE_FOLDER_PATH)/TimeTasker";
			};
			name = Debug;
		};
		A061D3222EE1557F00124F80 /* Release */ = {
			isa = XCBuildConfiguration;
			buildSettings = {
				ARCHS = arm64;
				BUNDLE_LOADER = "$(TEST_HOST)";
				CODE_SIGN_STYLE = Automatic;
				CURRENT_PROJECT_VERSION = 1;
				DEVELOPMENT_TEAM = 8Y69S8U782;
				"EXCLUDED_ARCHS[sdk=macosx*]" = x86_64;
				GENERATE_INFOPLIST_FILE = YES;
				MACOSX_DEPLOYMENT_TARGET = 26.0;
				MARKETING_VERSION = 1.0;
				PRODUCT_BUNDLE_IDENTIFIER = com.raghavagarwal.TimeTaskerTests;
				PRODUCT_NAME = "$(TARGET_NAME)";
				STRING_CATALOG_GENERATE_SYMBOLS = NO;
				SWIFT_APPROACHABLE_CONCURRENCY = YES;
				SWIFT_EMIT_LOC_STRINGS = NO;
				SWIFT_STRICT_CONCURRENCY = targeted;
				SWIFT_UPCOMING_FEATURE_MEMBER_IMPORT_VISIBILITY = YES;
				SWIFT_VERSION = 5.0;
				TEST_HOST = "$(BUILT_PRODUCTS_DIR)/TimeTasker.app/$(BUNDLE_EXECUTABLE_FOLDER_PATH)/TimeTasker";
			};
			name = Release;
		};
		A061D3242EE1557F00124F80 /* Debug */ = {
			isa = XCBuildConfiguration;
			buildSettings = {
				ARCHS = arm64;
				CODE_SIGN_STYLE = Automatic;
				CURRENT_PROJECT_VERSION = 1;
				DEVELOPMENT_TEAM = 8Y69S8U782;
				"EXCLUDED_ARCHS[sdk=macosx*]" = x86_64;
				GENERATE_INFOPLIST_FILE = YES;
				MACOSX_DEPLOYMENT_TARGET = 26.0;
				MARKETING_VERSION = 1.0;
				PRODUCT_BUNDLE_IDENTIFIER = com.raghavagarwal.TimeTaskerUITests;
				PRODUCT_NAME = "$(TARGET_NAME)";
				STRING_CATALOG_GENERATE_SYMBOLS = NO;
				SWIFT_APPROACHABLE_CONCURRENCY = YES;
				SWIFT_EMIT_LOC_STRINGS = NO;
				SWIFT_STRICT_CONCURRENCY = targeted;
				SWIFT_UPCOMING_FEATURE_MEMBER_IMPORT_VISIBILITY = YES;
				SWIFT_VERSION = 5.0;
				TEST_TARGET_NAME = TimeTasker;
			};
			name = Debug;
		};
		A061D3252EE1557F00124F80 /* Release */ = {
			isa = XCBuildConfiguration;
			buildSettings = {
				ARCHS = arm64;
				CODE_SIGN_STYLE = Automatic;
				CURRENT_PROJECT_VERSION = 1;
				DEVELOPMENT_TEAM = 8Y69S8U782;
				"EXCLUDED_ARCHS[sdk=macosx*]" = x86_64;
				GENERATE_INFOPLIST_FILE = YES;
				MACOSX_DEPLOYMENT_TARGET = 26.0;
				MARKETING_VERSION = 1.0;
				PRODUCT_BUNDLE_IDENTIFIER = com.raghavagarwal.TimeTaskerUITests;
				PRODUCT_NAME = "$(TARGET_NAME)";
				STRING_CATALOG_GENERATE_SYMBOLS = NO;
				SWIFT_APPROACHABLE_CONCURRENCY = YES;
				SWIFT_EMIT_LOC_STRINGS = NO;
				SWIFT_STRICT_CONCURRENCY = targeted;
				SWIFT_UPCOMING_FEATURE_MEMBER_IMPORT_VISIBILITY = YES;
				SWIFT_VERSION = 5.0;
				TEST_TARGET_NAME = TimeTasker;
			};
			name = Release;
		};
/* End XCBuildConfiguration section */

/* Begin XCConfigurationList section */
		A061D2F52EE1557B00124F80 /* Build configuration list for PBXProject "TimeTasker" */ = {
			isa = XCConfigurationList;
			buildConfigurations = (
				A061D31B2EE1557F00124F80 /* Debug */,
				A061D31C2EE1557F00124F80 /* Release */,
			);
			defaultConfigurationIsVisible = 0;
			defaultConfigurationName = Release;
		};
		A061D31D2EE1557F00124F80 /* Build configuration list for PBXNativeTarget "TimeTasker" */ = {
			isa = XCConfigurationList;
			buildConfigurations = (
				A061D31E2EE1557F00124F80 /* Debug */,
				A061D31F2EE1557F00124F80 /* Release */,
			);
			defaultConfigurationIsVisible = 0;
			defaultConfigurationName = Release;
		};
		A061D3202EE1557F00124F80 /* Build configuration list for PBXNativeTarget "TimeTaskerTests" */ = {
			isa = XCConfigurationList;
			buildConfigurations = (
				A061D3212EE1557F00124F80 /* Debug */,
				A061D3222EE1557F00124F80 /* Release */,
			);
			defaultConfigurationIsVisible = 0;
			defaultConfigurationName = Release;
		};
		A061D3232EE1557F00124F80 /* Build configuration list for PBXNativeTarget "TimeTaskerUITests" */ = {
			isa = XCConfigurationList;
			buildConfigurations = (
				A061D3242EE1557F00124F80 /* Debug */,
				A061D3252EE1557F00124F80 /* Release */,
			);
			defaultConfigurationIsVisible = 0;
			defaultConfigurationName = Release;
		};
/* End XCConfigurationList section */
	};
	rootObject = A061D2F22EE1557B00124F80 /* Project object */;
}
